<?xml version="1.0" encoding="utf-8"?>
<Project ToolsVersion="4.0" xmlns="http://schemas.microsoft.com/developer/msbuild/2003">
  <ItemGroup>
    <Filter Include="headers">
      <UniqueIdentifier>{ea74ad2d-c5d0-402a-a5b0-53cefd7ca9cb}</UniqueIdentifier>
    </Filter>
    <Filter Include="source">
      <UniqueIdentifier>{10305b44-b9fb-41ff-a83e-8726bfefadf9}</UniqueIdentifier>
    </Filter>
    <Filter Include="game states">
      <UniqueIdentifier>{3969c482-9480-4f04-86a9-911b646696be}</UniqueIdentifier>
    </Filter>
  </ItemGroup>
  <ItemGroup>
    <ClCompile Include="src\main.cpp">
      <Filter>source</Filter>
    </ClCompile>
    <ClCompile Include="src\m_controller.cpp">
      <Filter>source</Filter>
    </ClCompile>
    <ClCompile Include="src\Mesh.cpp">
      <Filter>source</Filter>
    </ClCompile>
    <ClCompile Include="src\DisplayHandler.cpp">
      <Filter>source</Filter>
    </ClCompile>
    <ClCompile Include="src\GameManager.cpp">
      <Filter>source</Filter>
    </ClCompile>
    <ClCompile Include="src\GameState.cpp">
      <Filter>source</Filter>
    </ClCompile>
    <ClCompile Include="src\AssetManager.cpp">
      <Filter>source</Filter>
    </ClCompile>
    <ClCompile Include="src\Texture2D.cpp">
      <Filter>source</Filter>
    </ClCompile>
    <ClCompile Include="src\GameObject.cpp">
      <Filter>source</Filter>
    </ClCompile>
    <ClCompile Include="src\Kinematic.cpp">
      <Filter>source</Filter>
    </ClCompile>
    <ClCompile Include="src\Player.cpp">
      <Filter>source</Filter>
    </ClCompile>
    <ClCompile Include="src\Collision.cpp">
      <Filter>source</Filter>
    </ClCompile>
    <ClCompile Include="src\State_Gameplay.cpp">
      <Filter>game states</Filter>
    </ClCompile>
    <ClCompile Include="src\Passenger.cpp">
      <Filter>source</Filter>
    </ClCompile>
    <ClCompile Include="src\CollisionBoxes.cpp">
      <Filter>source</Filter>
    </ClCompile>
    <ClCompile Include="src\Sprite.cpp">
      <Filter>source</Filter>
    </ClCompile>
    <ClCompile Include="src\DebugManager.cpp">
      <Filter>source</Filter>
    </ClCompile>
    <ClCompile Include="src\State_EndRound.cpp">
      <Filter>game states</Filter>
    </ClCompile>
    <ClCompile Include="src\State_MainMenu.cpp">
      <Filter>game states</Filter>
    </ClCompile>
    <ClCompile Include="src\Particle.cpp">
      <Filter>source</Filter>
    </ClCompile>
  </ItemGroup>
  <ItemGroup>
    <ClInclude Include="include\Mesh.h">
      <Filter>headers</Filter>
    </ClInclude>
    <ClInclude Include="include\m_controller.h">
      <Filter>headers</Filter>
    </ClInclude>
    <ClInclude Include="include\GameState.h">
      <Filter>headers</Filter>
    </ClInclude>
    <ClInclude Include="include\GameManager.h">
      <Filter>headers</Filter>
    </ClInclude>
    <ClInclude Include="include\DisplayHandler.h">
      <Filter>headers</Filter>
    </ClInclude>
    <ClInclude Include="include\AssetManager.h">
      <Filter>headers</Filter>
    </ClInclude>
    <ClInclude Include="include\Texture2D.h">
      <Filter>headers</Filter>
    </ClInclude>
    <ClInclude Include="include\Kinematic.h">
      <Filter>headers</Filter>
    </ClInclude>
    <ClInclude Include="include\GameObject.h">
      <Filter>headers</Filter>
    </ClInclude>
    <ClInclude Include="include\Player.h">
      <Filter>headers</Filter>
    </ClInclude>
    <ClInclude Include="include\Collision.h">
      <Filter>headers</Filter>
    </ClInclude>
    <ClInclude Include="include\CollisionBoxes.h">
      <Filter>headers</Filter>
    </ClInclude>
    <ClInclude Include="include\MathHelper.h">
      <Filter>headers</Filter>
    </ClInclude>
    <ClInclude Include="include\Passenger.h">
      <Filter>headers</Filter>
    </ClInclude>
    <ClInclude Include="include\State_Gameplay.h">
      <Filter>game states</Filter>
    </ClInclude>
    <ClInclude Include="include\Sprite.h">
      <Filter>headers</Filter>
    </ClInclude>
    <ClInclude Include="include\SteeringBehaviors.h">
      <Filter>headers</Filter>
    </ClInclude>
    <ClInclude Include="include\DebugManager.h">
      <Filter>headers</Filter>
    </ClInclude>
    <ClInclude Include="include\State_EndRound.h">
      <Filter>game states</Filter>
    </ClInclude>
    <ClInclude Include="include\State_MainMenu.h">
      <Filter>game states</Filter>
    </ClInclude>
    <ClInclude Include="include\Particle.h">
      <Filter>headers</Filter>
    </ClInclude>
  </ItemGroup>
</Project>